{
  "name": "@rbxts/highlighter",
  "version": "1.0.0",
  "lockfileVersion": 2,
  "requires": true,
  "packages": {
    "": {
      "name": "@rbxts/highlighter",
      "version": "1.0.0",
      "license": "ISC",
      "devDependencies": {
        "@rbxts/compiler-types": "^2.1.1-types.0",
        "@rbxts/types": "^1.0.714",
        "typescript": "^5.2.2"
      }
    },
    "node_modules/@rbxts/compiler-types": {
      "version": "2.1.1-types.0",
      "resolved": "https://registry.npmjs.org/@rbxts/compiler-types/-/compiler-types-2.1.1-types.0.tgz",
      "integrity": "sha512-wBRma9MgPbOxvCaQEUvraHLHAmLFGW9R6fT65+MBu3uCYM6vUNWj8l4dHRxgkUK8lnGYdGWxsr/sZFk8sdvwog==",
      "dev": true
    },
    "node_modules/@rbxts/types": {
      "version": "1.0.714",
      "resolved": "https://registry.npmjs.org/@rbxts/types/-/types-1.0.714.tgz",
      "integrity": "sha512-6voqpRotKWoMNpmD/PoXb0xA0CEUZmy1xZn/gD0bSQOI27WcgLk500eUG0jfBoTa+EOktvdk2Fv0oSgbgXVovQ==",
      "dev": true
    },
    "node_modules/typescript": {
      "version": "5.2.2",
      "resolved": "https://registry.npmjs.org/typescript/-/typescript-5.2.2.tgz",
      "integrity": "sha512-mI4WrpHsbCIcwT9cF4FZvr80QUeKvsUsUvKDoR+X/7XHQH98xYD8YHZg7ANtz2GtZt/CBq2QJ0thkGJMHfqc1w==",
      "dev": true,
      "bin": {
        "tsc": "bin/tsc",
        "tsserver": "bin/tsserver"
      },
      "engines": {
        "node": ">=14.17"
      }
    }
  },
  "dependencies": {
    "@rbxts/compiler-types": {
      "version": "2.1.1-types.0",
      "resolved": "https://registry.npmjs.org/@rbxts/compiler-types/-/compiler-types-2.1.1-types.0.tgz",
      "integrity": "sha512-wBRma9MgPbOxvCaQEUvraHLHAmLFGW9R6fT65+MBu3uCYM6vUNWj8l4dHRxgkUK8lnGYdGWxsr/sZFk8sdvwog==",
      "dev": true
    },
    "@rbxts/types": {
      "version": "1.0.714",
      "resolved": "https://registry.npmjs.org/@rbxts/types/-/types-1.0.714.tgz",
      "integrity": "sha512-6voqpRotKWoMNpmD/PoXb0xA0CEUZmy1xZn/gD0bSQOI27WcgLk500eUG0jfBoTa+EOktvdk2Fv0oSgbgXVovQ==",
      "dev": true
    },
    "typescript": {
      "version": "5.2.2",
      "resolved": "https://registry.npmjs.org/typescript/-/typescript-5.2.2.tgz",
      "integrity": "sha512-mI4WrpHsbCIcwT9cF4FZvr80QUeKvsUsUvKDoR+X/7XHQH98xYD8YHZg7ANtz2GtZt/CBq2QJ0thkGJMHfqc1w==",
      "dev": true
    }
  }
}
